{
  "name": "sails-factory",
  "version": "0.4.0",
  "dependencies": {
    "inflection": {
      "version": "1.7.1",
      "from": "inflection@>=1.7.1 <2.0.0",
      "resolved": "https://registry.npmjs.org/inflection/-/inflection-1.7.1.tgz"
    },
    "lodash": {
      "version": "3.10.1",
      "from": "lodash@>=3.10.1 <4.0.0",
      "resolved": "https://registry.npmjs.org/lodash/-/lodash-3.10.1.tgz"
    },
    "util": {
      "version": "0.10.3",
      "from": "util@>=0.10.3 <0.11.0",
      "resolved": "https://registry.npmjs.org/util/-/util-0.10.3.tgz",
      "dependencies": {
        "inherits": {
          "version": "2.0.1",
          "from": "inherits@2.0.1",
          "resolved": "https://registry.npmjs.org/inherits/-/inherits-2.0.1.tgz"
        }
      }
    }
  }
}
